{
  "requires": true,
  "lockfileVersion": 1,
  "dependencies": {
    "monaco-editor": {
      "version": "0.34.1",
      "resolved": "https://registry.npmjs.org/monaco-editor/-/monaco-editor-0.34.1.tgz",
      "integrity": "sha512-FKc80TyiMaruhJKKPz5SpJPIjL+dflGvz4CpuThaPMc94AyN7SeC9HQ8hrvaxX7EyHdJcUY5i4D0gNyJj1vSZQ=="
    }
  }
}
